
Microsoft Visual Studio Solution File, Format Version 12.00
# Visual Studio 15
VisualStudioVersion = 15.0.27130.2024
MinimumVisualStudioVersion = 10.0.40219.1
Project("{FAE04EC0-301F-11D3-BF4B-00C04F79EFBC}") = "DataMigSample", "DataMigSample\DataMigSample.csproj", "{BF4227FD-5E13-4E53-8292-194DCA625EEE}"
EndProject
Global
	GlobalSection(SolutionConfigurationPlatforms) = preSolution
		Debug|Any CPU = Debug|Any CPU
		Release|Any CPU = Release|Any CPU
	EndGlobalSection
	GlobalSection(ProjectConfigurationPlatforms) = postSolution
		{BF4227FD-5E13-4E53-8292-194DCA625EEE}.Debug|Any CPU.ActiveCfg = Debug|Any CPU
		{BF4227FD-5E13-4E53-8292-194DCA625EEE}.Debug|Any CPU.Build.0 = Debug|Any CPU
		{BF4227FD-5E13-4E53-8292-194DCA625EEE}.Release|Any CPU.ActiveCfg = Release|Any CPU
		{BF4227FD-5E13-4E53-8292-194DCA625EEE}.Release|Any CPU.Build.0 = Release|Any CPU
	EndGlobalSection
	GlobalSection(SolutionProperties) = preSolution
		HideSolutionNode = FALSE
	EndGlobalSection
	GlobalSection(ExtensibilityGlobals) = postSolution
		SolutionGuid = {CDAC218A-0247-42C1-8448-35AEE6EDCB62}
	EndGlobalSection
EndGlobal
